
Microsoft Visual Studio Solution File, Format Version 12.00
# Visual Studio Version 17
VisualStudioVersion = 17.1.32319.34
MinimumVisualStudioVersion = 10.0.40219.1
Project("{FAE04EC0-301F-11D3-BF4B-00C04F79EFBC}") = "FastigheterAPI", "FastigheterAPI\FastigheterAPI.csproj", "{083C0294-6CC9-4F6F-BFAD-A937EDAB81E1}"
EndProject
Global
	GlobalSection(SolutionConfigurationPlatforms) = preSolution
		Debug|Any CPU = Debug|Any CPU
		Release|Any CPU = Release|Any CPU
	EndGlobalSection
	GlobalSection(ProjectConfigurationPlatforms) = postSolution
		{083C0294-6CC9-4F6F-BFAD-A937EDAB81E1}.Debug|Any CPU.ActiveCfg = Debug|Any CPU
		{083C0294-6CC9-4F6F-BFAD-A937EDAB81E1}.Debug|Any CPU.Build.0 = Debug|Any CPU
		{083C0294-6CC9-4F6F-BFAD-A937EDAB81E1}.Release|Any CPU.ActiveCfg = Release|Any CPU
		{083C0294-6CC9-4F6F-BFAD-A937EDAB81E1}.Release|Any CPU.Build.0 = Release|Any CPU
	EndGlobalSection
	GlobalSection(SolutionProperties) = preSolution
		HideSolutionNode = FALSE
	EndGlobalSection
	GlobalSection(ExtensibilityGlobals) = postSolution
		SolutionGuid = {36749EF3-2985-478F-A53D-C76AD9B58AA1}
	EndGlobalSection
EndGlobal
